
Microsoft Visual Studio Solution File, Format Version 12.00
# Visual Studio Version 17
VisualStudioVersion = 17.11.35103.136
MinimumVisualStudioVersion = 10.0.40219.1
Project("{9A19103F-16F7-4668-BE54-9A1E7A4F7556}") = "BulkyWeb", "BulkyWeb\BulkyWeb.csproj", "{1661BD5A-A211-4ADB-A622-760ADFE6B982}"
EndProject
Project("{9A19103F-16F7-4668-BE54-9A1E7A4F7556}") = "BulkyWebRazor_Temp", "BulkyWebRazor_Temp\BulkyWebRazor_Temp.csproj", "{5E3A1F26-E2B2-4DF2-B63A-71B43F282E12}"
EndProject
Global
	GlobalSection(SolutionConfigurationPlatforms) = preSolution
		Debug|Any CPU = Debug|Any CPU
		Release|Any CPU = Release|Any CPU
	EndGlobalSection
	GlobalSection(ProjectConfigurationPlatforms) = postSolution
		{1661BD5A-A211-4ADB-A622-760ADFE6B982}.Debug|Any CPU.ActiveCfg = Debug|Any CPU
		{1661BD5A-A211-4ADB-A622-760ADFE6B982}.Debug|Any CPU.Build.0 = Debug|Any CPU
		{1661BD5A-A211-4ADB-A622-760ADFE6B982}.Release|Any CPU.ActiveCfg = Release|Any CPU
		{1661BD5A-A211-4ADB-A622-760ADFE6B982}.Release|Any CPU.Build.0 = Release|Any CPU
		{5E3A1F26-E2B2-4DF2-B63A-71B43F282E12}.Debug|Any CPU.ActiveCfg = Debug|Any CPU
		{5E3A1F26-E2B2-4DF2-B63A-71B43F282E12}.Debug|Any CPU.Build.0 = Debug|Any CPU
		{5E3A1F26-E2B2-4DF2-B63A-71B43F282E12}.Release|Any CPU.ActiveCfg = Release|Any CPU
		{5E3A1F26-E2B2-4DF2-B63A-71B43F282E12}.Release|Any CPU.Build.0 = Release|Any CPU
	EndGlobalSection
	GlobalSection(SolutionProperties) = preSolution
		HideSolutionNode = FALSE
	EndGlobalSection
	GlobalSection(ExtensibilityGlobals) = postSolution
		SolutionGuid = {B9D13A3F-FF8B-4ABA-BAC4-F374C5FAA786}
	EndGlobalSection
EndGlobal
